
Microsoft Visual Studio Solution File, Format Version 12.00
# Visual Studio Version 16
VisualStudioVersion = 16.0.30503.244
MinimumVisualStudioVersion = 10.0.40219.1
Project("{FAE04EC0-301F-11D3-BF4B-00C04F79EFBC}") = "WebAppChapter5", "WebAppChapter5\WebAppChapter5.csproj", "{F641E7B1-CF1F-4C9F-B358-565B588D8BB9}"
EndProject
Global
	GlobalSection(SolutionConfigurationPlatforms) = preSolution
		Debug|Any CPU = Debug|Any CPU
		Release|Any CPU = Release|Any CPU
	EndGlobalSection
	GlobalSection(ProjectConfigurationPlatforms) = postSolution
		{F641E7B1-CF1F-4C9F-B358-565B588D8BB9}.Debug|Any CPU.ActiveCfg = Debug|Any CPU
		{F641E7B1-CF1F-4C9F-B358-565B588D8BB9}.Debug|Any CPU.Build.0 = Debug|Any CPU
		{F641E7B1-CF1F-4C9F-B358-565B588D8BB9}.Release|Any CPU.ActiveCfg = Release|Any CPU
		{F641E7B1-CF1F-4C9F-B358-565B588D8BB9}.Release|Any CPU.Build.0 = Release|Any CPU
	EndGlobalSection
	GlobalSection(SolutionProperties) = preSolution
		HideSolutionNode = FALSE
	EndGlobalSection
	GlobalSection(ExtensibilityGlobals) = postSolution
		SolutionGuid = {FF63E87D-6158-4D2D-80DE-5D47E11BAD15}
	EndGlobalSection
EndGlobal
